// !$*UTF8*$!
{
	archiveVersion = 1;
	classes = {
	};
	objectVersion = 46;
	objects = {

/* Begin PBXBuildFile section */
		D4AAC0AB1B3CB48200D14CFF /* AppDelegate.swift in Sources */ = {isa = PBXBuildFile; fileRef = D4AAC0AA1B3CB48200D14CFF /* AppDelegate.swift */; };
		D4AAC0AD1B3CB48200D14CFF /* ViewController.swift in Sources */ = {isa = PBXBuildFile; fileRef = D4AAC0AC1B3CB48200D14CFF /* ViewController.swift */; };
		D4AAC0B01B3CB48200D14CFF /* Main.storyboard in Resources */ = {isa = PBXBuildFile; fileRef = D4AAC0AE1B3CB48200D14CFF /* Main.storyboard */; };
		D4AAC0B21B3CB48200D14CFF /* Images.xcassets in Resources */ = {isa = PBXBuildFile; fileRef = D4AAC0B11B3CB48200D14CFF /* Images.xcassets */; };
		D4AAC0B51B3CB48200D14CFF /* LaunchScreen.xib in Resources */ = {isa = PBXBuildFile; fileRef = D4AAC0B31B3CB48200D14CFF /* LaunchScreen.xib */; };
		D4AAC0C11B3CB48200D14CFF /* Number_KeyBoardTests.swift in Sources */ = {isa = PBXBuildFile; fileRef = D4AAC0C01B3CB48200D14CFF /* Number_KeyBoardTests.swift */; };
/* End PBXBuildFile section */

/* Begin PBXContainerItemProxy section */
		D4AAC0BB1B3CB48200D14CFF /* PBXContainerItemProxy */ = {
			isa = PBXContainerItemProxy;
			containerPortal = D4AAC09D1B3CB48200D14CFF /* Project object */;
			proxyType = 1;
			remoteGlobalIDString = D4AAC0A41B3CB48200D14CFF;
			remoteInfo = Number_KeyBoard;
		};
/* End PBXContainerItemProxy section */

/* Begin PBXFileReference section */
		D4AAC0A51B3CB48200D14CFF /* Number_KeyBoard.app */ = {isa = PBXFileReference; explicitFileType = wrapper.application; includeInIndex = 0; path = Number_KeyBoard.app; sourceTree = BUILT_PRODUCTS_DIR; };
		D4AAC0A91B3CB48200D14CFF /* Info.plist */ = {isa = PBXFileReference; lastKnownFileType = text.plist.xml; path = Info.plist; sourceTree = "<group>"; };
		D4AAC0AA1B3CB48200D14CFF /* AppDelegate.swift */ = {isa = PBXFileReference; lastKnownFileType = sourcecode.swift; path = AppDelegate.swift; sourceTree = "<group>"; };
		D4AAC0AC1B3CB48200D14CFF /* ViewController.swift */ = {isa = PBXFileReference; lastKnownFileType = sourcecode.swift; path = ViewController.swift; sourceTree = "<group>"; };
		D4AAC0AF1B3CB48200D14CFF /* Base */ = {isa = PBXFileReference; lastKnownFileType = file.storyboard; name = Base; path = Base.lproj/Main.storyboard; sourceTree = "<group>"; };
		D4AAC0B11B3CB48200D14CFF /* Images.xcassets */ = {isa = PBXFileReference; lastKnownFileType = folder.assetcatalog; path = Images.xcassets; sourceTree = "<group>"; };
		D4AAC0B41B3CB48200D14CFF /* Base */ = {isa = PBXFileReference; lastKnownFileType = file.xib; name = Base; path = Base.lproj/LaunchScreen.xib; sourceTree = "<group>"; };
		D4AAC0BA1B3CB48200D14CFF /* Number_KeyBoardTests.xctest */ = {isa = PBXFileReference; explicitFileType = wrapper.cfbundle; includeInIndex = 0; path = Number_KeyBoardTests.xctest; sourceTree = BUILT_PRODUCTS_DIR; };
		D4AAC0BF1B3CB48200D14CFF /* Info.plist */ = {isa = PBXFileReference; lastKnownFileType = text.plist.xml; path = Info.plist; sourceTree = "<group>"; };
		D4AAC0C01B3CB48200D14CFF /* Number_KeyBoardTests.swift */ = {isa = PBXFileReference; lastKnownFileType = sourcecode.swift; path = Number_KeyBoardTests.swift; sourceTree = "<group>"; };
/* End PBXFileReference section */

/* Begin PBXFrameworksBuildPhase section */
		D4AAC0A21B3CB48200D14CFF /* Frameworks */ = {
			isa = PBXFrameworksBuildPhase;
			buildActionMask = 2147483647;
			files = (
			);
			runOnlyForDeploymentPostprocessing = 0;
		};
		D4AAC0B71B3CB48200D14CFF /* Frameworks */ = {
			isa = PBXFrameworksBuildPhase;
			buildActionMask = 2147483647;
			files = (
			);
			runOnlyForDeploymentPostprocessing = 0;
		};
/* End PBXFrameworksBuildPhase section */

/* Begin PBXGroup section */
		D4AAC09C1B3CB48200D14CFF = {
			isa = PBXGroup;
			children = (
				D4AAC0A71B3CB48200D14CFF /* Number_KeyBoard */,
				D4AAC0BD1B3CB48200D14CFF /* Number_KeyBoardTests */,
				D4AAC0A61B3CB48200D14CFF /* Products */,
			);
			sourceTree = "<group>";
		};
		D4AAC0A61B3CB48200D14CFF /* Products */ = {
			isa = PBXGroup;
			children = (
				D4AAC0A51B3CB48200D14CFF /* Number_KeyBoard.app */,
				D4AAC0BA1B3CB48200D14CFF /* Number_KeyBoardTests.xctest */,
			);
			name = Products;
			sourceTree = "<group>";
		};
		D4AAC0A71B3CB48200D14CFF /* Number_KeyBoard */ = {
			isa = PBXGroup;
			children = (
				D4AAC0AA1B3CB48200D14CFF /* AppDelegate.swift */,
				D4AAC0AC1B3CB48200D14CFF /* ViewController.swift */,
				D4AAC0AE1B3CB48200D14CFF /* Main.storyboard */,
				D4AAC0B11B3CB48200D14CFF /* Images.xcassets */,
				D4AAC0B31B3CB48200D14CFF /* LaunchScreen.xib */,
				D4AAC0A81B3CB48200D14CFF /* Supporting Files */,
			);
			path = Number_KeyBoard;
			sourceTree = "<group>";
		};
		D4AAC0A81B3CB48200D14CFF /* Supporting Files */ = {
			isa = PBXGroup;
			children = (
				D4AAC0A91B3CB48200D14CFF /* Info.plist */,
			);
			name = "Supporting Files";
			sourceTree = "<group>";
		};
		D4AAC0BD1B3CB48200D14CFF /* Number_KeyBoardTests */ = {
			isa = PBXGroup;
			children = (
				D4AAC0C01B3CB48200D14CFF /* Number_KeyBoardTests.swift */,
				D4AAC0BE1B3CB48200D14CFF /* Supporting Files */,
			);
			path = Number_KeyBoardTests;
			sourceTree = "<group>";
		};
		D4AAC0BE1B3CB48200D14CFF /* Supporting Files */ = {
			isa = PBXGroup;
			children = (
				D4AAC0BF1B3CB48200D14CFF /* Info.plist */,
			);
			name = "Supporting Files";
			sourceTree = "<group>";
		};
/* End PBXGroup section */

/* Begin PBXNativeTarget section */
		D4AAC0A41B3CB48200D14CFF /* Number_KeyBoard */ = {
			isa = PBXNativeTarget;
			buildConfigurationList = D4AAC0C41B3CB48200D14CFF /* Build configuration list for PBXNativeTarget "Number_KeyBoard" */;
			buildPhases = (
				D4AAC0A11B3CB48200D14CFF /* Sources */,
				D4AAC0A21B3CB48200D14CFF /* Frameworks */,
				D4AAC0A31B3CB48200D14CFF /* Resources */,
			);
			buildRules = (
			);
			dependencies = (
			);
			name = Number_KeyBoard;
			productName = Number_KeyBoard;
			productReference = D4AAC0A51B3CB48200D14CFF /* Number_KeyBoard.app */;
			productType = "com.apple.product-type.application";
		};
		D4AAC0B91B3CB48200D14CFF /* Number_KeyBoardTests */ = {
			isa = PBXNativeTarget;
			buildConfigurationList = D4AAC0C71B3CB48200D14CFF /* Build configuration list for PBXNativeTarget "Number_KeyBoardTests" */;
			buildPhases = (
				D4AAC0B61B3CB48200D14CFF /* Sources */,
				D4AAC0B71B3CB48200D14CFF /* Frameworks */,
				D4AAC0B81B3CB48200D14CFF /* Resources */,
			);
			buildRules = (
			);
			dependencies = (
				D4AAC0BC1B3CB48200D14CFF /* PBXTargetDependency */,
			);
			name = Number_KeyBoardTests;
			productName = Number_KeyBoardTests;
			productReference = D4AAC0BA1B3CB48200D14CFF /* Number_KeyBoardTests.xctest */;
			productType = "com.apple.product-type.bundle.unit-test";
		};
/* End PBXNativeTarget section */

/* Begin PBXProject section */
		D4AAC09D1B3CB48200D14CFF /* Project object */ = {
			isa = PBXProject;
			attributes = {
				LastUpgradeCheck = 0630;
				ORGANIZATIONNAME = "CDK Global, LLC";
				TargetAttributes = {
					D4AAC0A41B3CB48200D14CFF = {
						CreatedOnToolsVersion = 6.3.2;
					};
					D4AAC0B91B3CB48200D14CFF = {
						CreatedOnToolsVersion = 6.3.2;
						TestTargetID = D4AAC0A41B3CB48200D14CFF;
					};
				};
			};
			buildConfigurationList = D4AAC0A01B3CB48200D14CFF /* Build configuration list for PBXProject "Number_KeyBoard" */;
			compatibilityVersion = "Xcode 3.2";
			developmentRegion = English;
			hasScannedForEncodings = 0;
			knownRegions = (
				en,
				Base,
			);
			mainGroup = D4AAC09C1B3CB48200D14CFF;
			productRefGroup = D4AAC0A61B3CB48200D14CFF /* Products */;
			projectDirPath = "";
			projectRoot = "";
			targets = (
				D4AAC0A41B3CB48200D14CFF /* Number_KeyBoard */,
				D4AAC0B91B3CB48200D14CFF /* Number_KeyBoardTests */,
			);
		};
/* End PBXProject section */

/* Begin PBXResourcesBuildPhase section */
		D4AAC0A31B3CB48200D14CFF /* Resources */ = {
			isa = PBXResourcesBuildPhase;
			buildActionMask = 2147483647;
			files = (
				D4AAC0B01B3CB48200D14CFF /* Main.storyboard in Resources */,
				D4AAC0B51B3CB48200D14CFF /* LaunchScreen.xib in Resources */,
				D4AAC0B21B3CB48200D14CFF /* Images.xcassets in Resources */,
			);
			runOnlyForDeploymentPostprocessing = 0;
		};
		D4AAC0B81B3CB48200D14CFF /* Resources */ = {
			isa = PBXResourcesBuildPhase;
			buildActionMask = 2147483647;
			files = (
			);
			runOnlyForDeploymentPostprocessing = 0;
		};
/* End PBXResourcesBuildPhase section */

/* Begin PBXSourcesBuildPhase section */
		D4AAC0A11B3CB48200D14CFF /* Sources */ = {
			isa = PBXSourcesBuildPhase;
			buildActionMask = 2147483647;
			files = (
				D4AAC0AD1B3CB48200D14CFF /* ViewController.swift in Sources */,
				D4AAC0AB1B3CB48200D14CFF /* AppDelegate.swift in Sources */,
			);
			runOnlyForDeploymentPostprocessing = 0;
		};
		D4AAC0B61B3CB48200D14CFF /* Sources */ = {
			isa = PBXSourcesBuildPhase;
			buildActionMask = 2147483647;
			files = (
				D4AAC0C11B3CB48200D14CFF /* Number_KeyBoardTests.swift in Sources */,
			);
			runOnlyForDeploymentPostprocessing = 0;
		};
/* End PBXSourcesBuildPhase section */

/* Begin PBXTargetDependency section */
		D4AAC0BC1B3CB48200D14CFF /* PBXTargetDependency */ = {
			isa = PBXTargetDependency;
			target = D4AAC0A41B3CB48200D14CFF /* Number_KeyBoard */;
			targetProxy = D4AAC0BB1B3CB48200D14CFF /* PBXContainerItemProxy */;
		};
/* End PBXTargetDependency section */

/* Begin PBXVariantGroup section */
		D4AAC0AE1B3CB48200D14CFF /* Main.storyboard */ = {
			isa = PBXVariantGroup;
			children = (
				D4AAC0AF1B3CB48200D14CFF /* Base */,
			);
			name = Main.storyboard;
			sourceTree = "<group>";
		};
		D4AAC0B31B3CB48200D14CFF /* LaunchScreen.xib */ = {
			isa = PBXVariantGroup;
			children = (
				D4AAC0B41B3CB48200D14CFF /* Base */,
			);
			name = LaunchScreen.xib;
			sourceTree = "<group>";
		};
/* End PBXVariantGroup section */

/* Begin XCBuildConfiguration section */
		D4AAC0C21B3CB48200D14CFF /* Debug */ = {
			isa = XCBuildConfiguration;
			buildSettings = {
				ALWAYS_SEARCH_USER_PATHS = NO;
				CLANG_CXX_LANGUAGE_STANDARD = "gnu++0x";
				CLANG_CXX_LIBRARY = "libc++";
				CLANG_ENABLE_MODULES = YES;
				CLANG_ENABLE_OBJC_ARC = YES;
				CLANG_WARN_BOOL_CONVERSION = YES;
				CLANG_WARN_CONSTANT_CONVERSION = YES;
				CLANG_WARN_DIRECT_OBJC_ISA_USAGE = YES_ERROR;
				CLANG_WARN_EMPTY_BODY = YES;
				CLANG_WARN_ENUM_CONVERSION = YES;
				CLANG_WARN_INT_CONVERSION = YES;
				CLANG_WARN_OBJC_ROOT_CLASS = YES_ERROR;
				CLANG_WARN_UNREACHABLE_CODE = YES;
				CLANG_WARN__DUPLICATE_METHOD_MATCH = YES;
				"CODE_SIGN_IDENTITY[sdk=iphoneos*]" = "iPhone Developer";
				COPY_PHASE_STRIP = NO;
				DEBUG_INFORMATION_FORMAT = "dwarf-with-dsym";
				ENABLE_STRICT_OBJC_MSGSEND = YES;
				GCC_C_LANGUAGE_STANDARD = gnu99;
				GCC_DYNAMIC_NO_PIC = NO;
				GCC_NO_COMMON_BLOCKS = YES;
				GCC_OPTIMIZATION_LEVEL = 0;
				GCC_PREPROCESSOR_DEFINITIONS = (
					"DEBUG=1",
					"$(inherited)",
				);
				GCC_SYMBOLS_PRIVATE_EXTERN = NO;
				GCC_WARN_64_TO_32_BIT_CONVERSION = YES;
				GCC_WARN_ABOUT_RETURN_TYPE = YES_ERROR;
				GCC_WARN_UNDECLARED_SELECTOR = YES;
				GCC_WARN_UNINITIALIZED_AUTOS = YES_AGGRESSIVE;
				GCC_WARN_UNUSED_FUNCTION = YES;
				GCC_WARN_UNUSED_VARIABLE = YES;
				IPHONEOS_DEPLOYMENT_TARGET = 8.3;
				MTL_ENABLE_DEBUG_INFO = YES;
				ONLY_ACTIVE_ARCH = YES;
				SDKROOT = iphoneos;
				SWIFT_OPTIMIZATION_LEVEL = "-Onone";
				TARGETED_DEVICE_FAMILY = "1,2";
			};
			name = Debug;
		};
		D4AAC0C31B3CB48200D14CFF /* Release */ = {
			isa = XCBuildConfiguration;
			buildSettings = {
				ALWAYS_SEARCH_USER_PATHS = NO;
				CLANG_CXX_LANGUAGE_STANDARD = "gnu++0x";
				CLANG_CXX_LIBRARY = "libc++";
				CLANG_ENABLE_MODULES = YES;
				CLANG_ENABLE_OBJC_ARC = YES;
				CLANG_WARN_BOOL_CONVERSION = YES;
				CLANG_WARN_CONSTANT_CONVERSION = YES;
				CLANG_WARN_DIRECT_OBJC_ISA_USAGE = YES_ERROR;
				CLANG_WARN_EMPTY_BODY = YES;
				CLANG_WARN_ENUM_CONVERSION = YES;
				CLANG_WARN_INT_CONVERSION = YES;
				CLANG_WARN_OBJC_ROOT_CLASS = YES_ERROR;
				CLANG_WARN_UNREACHABLE_CODE = YES;
				CLANG_WARN__DUPLICATE_METHOD_MATCH = YES;
				"CODE_SIGN_IDENTITY[sdk=iphoneos*]" = "iPhone Developer";
				COPY_PHASE_STRIP = NO;
				DEBUG_INFORMATION_FORMAT = "dwarf-with-dsym";
				ENABLE_NS_ASSERTIONS = NO;
				ENABLE_STRICT_OBJC_MSGSEND = YES;
				GCC_C_LANGUAGE_STANDARD = gnu99;
				GCC_NO_COMMON_BLOCKS = YES;
				GCC_WARN_64_TO_32_BIT_CONVERSION = YES;
				GCC_WARN_ABOUT_RETURN_TYPE = YES_ERROR;
				GCC_WARN_UNDECLARED_SELECTOR = YES;
				GCC_WARN_UNINITIALIZED_AUTOS = YES_AGGRESSIVE;
				GCC_WARN_UNUSED_FUNCTION = YES;
				GCC_WARN_UNUSED_VARIABLE = YES;
				IPHONEOS_DEPLOYMENT_TARGET = 8.3;
				MTL_ENABLE_DEBUG_INFO = NO;
				SDKROOT = iphoneos;
				TARGETED_DEVICE_FAMILY = "1,2";
				VALIDATE_PRODUCT = YES;
			};
			name = Release;
		};
		D4AAC0C51B3CB48200D14CFF /* Debug */ = {
			isa = XCBuildConfiguration;
			buildSettings = {
				ASSETCATALOG_COMPILER_APPICON_NAME = AppIcon;
				INFOPLIST_FILE = Number_KeyBoard/Info.plist;
				LD_RUNPATH_SEARCH_PATHS = "$(inherited) @executable_path/Frameworks";
				PRODUCT_NAME = "$(TARGET_NAME)";
			};
			name = Debug;
		};
		D4AAC0C61B3CB48200D14CFF /* Release */ = {
			isa = XCBuildConfiguration;
			buildSettings = {
				ASSETCATALOG_COMPILER_APPICON_NAME = AppIcon;
				INFOPLIST_FILE = Number_KeyBoard/Info.plist;
				LD_RUNPATH_SEARCH_PATHS = "$(inherited) @executable_path/Frameworks";
				PRODUCT_NAME = "$(TARGET_NAME)";
			};
			name = Release;
		};
		D4AAC0C81B3CB48200D14CFF /* Debug */ = {
			isa = XCBuildConfiguration;
			buildSettings = {
				BUNDLE_LOADER = "$(TEST_HOST)";
				FRAMEWORK_SEARCH_PATHS = (
					"$(SDKROOT)/Developer/Library/Frameworks",
					"$(inherited)",
				);
				GCC_PREPROCESSOR_DEFINITIONS = (
					"DEBUG=1",
					"$(inherited)",
				);
				INFOPLIST_FILE = Number_KeyBoardTests/Info.plist;
				LD_RUNPATH_SEARCH_PATHS = "$(inherited) @executable_path/Frameworks @loader_path/Frameworks";
				PRODUCT_NAME = "$(TARGET_NAME)";
				TEST_HOST = "$(BUILT_PRODUCTS_DIR)/Number_KeyBoard.app/Number_KeyBoard";
			};
			name = Debug;
		};
		D4AAC0C91B3CB48200D14CFF /* Release */ = {
			isa = XCBuildConfiguration;
			buildSettings = {
				BUNDLE_LOADER = "$(TEST_HOST)";
				FRAMEWORK_SEARCH_PATHS = (
					"$(SDKROOT)/Developer/Library/Frameworks",
					"$(inherited)",
				);
				INFOPLIST_FILE = Number_KeyBoardTests/Info.plist;
				LD_RUNPATH_SEARCH_PATHS = "$(inherited) @executable_path/Frameworks @loader_path/Frameworks";
				PRODUCT_NAME = "$(TARGET_NAME)";
				TEST_HOST = "$(BUILT_PRODUCTS_DIR)/Number_KeyBoard.app/Number_KeyBoard";
			};
			name = Release;
		};
/* End XCBuildConfiguration section */

/* Begin XCConfigurationList section */
		D4AAC0A01B3CB48200D14CFF /* Build configuration list for PBXProject "Number_KeyBoard" */ = {
			isa = XCConfigurationList;
			buildConfigurations = (
				D4AAC0C21B3CB48200D14CFF /* Debug */,
				D4AAC0C31B3CB48200D14CFF /* Release */,
			);
			defaultConfigurationIsVisible = 0;
			defaultConfigurationName = Release;
		};
		D4AAC0C41B3CB48200D14CFF /* Build configuration list for PBXNativeTarget "Number_KeyBoard" */ = {
			isa = XCConfigurationList;
			buildConfigurations = (
				D4AAC0C51B3CB48200D14CFF /* Debug */,
				D4AAC0C61B3CB48200D14CFF /* Release */,
			);
			defaultConfigurationIsVisible = 0;
		};
		D4AAC0C71B3CB48200D14CFF /* Build configuration list for PBXNativeTarget "Number_KeyBoardTests" */ = {
			isa = XCConfigurationList;
			buildConfigurations = (
				D4AAC0C81B3CB48200D14CFF /* Debug */,
				D4AAC0C91B3CB48200D14CFF /* Release */,
			);
			defaultConfigurationIsVisible = 0;
		};
/* End XCConfigurationList section */
	};
	rootObject = D4AAC09D1B3CB48200D14CFF /* Project object */;
}
